
Microsoft Visual Studio Solution File, Format Version 12.00
# Visual Studio Version 16
VisualStudioVersion = 16.0.31702.278
MinimumVisualStudioVersion = 10.0.40219.1
Project("{FAE04EC0-301F-11D3-BF4B-00C04F79EFBC}") = "Tutoria S6 app.Android", "Tutoria S6 app.Android\Tutoria S6 app.Android.csproj", "{287EF6AD-9548-4D51-B77A-73BF538780B5}"
EndProject
Project("{FAE04EC0-301F-11D3-BF4B-00C04F79EFBC}") = "Tutoria S6 app.iOS", "Tutoria S6 app.iOS\Tutoria S6 app.iOS.csproj", "{73FABF6F-4785-40AC-B58A-60D7B98333D8}"
EndProject
Project("{FAE04EC0-301F-11D3-BF4B-00C04F79EFBC}") = "Tutoria S6 app", "Tutoria S6 app\Tutoria S6 app.csproj", "{23D501E8-178C-42D0-866B-0C5EC778880A}"
EndProject
Global
	GlobalSection(SolutionConfigurationPlatforms) = preSolution
		Debug|Any CPU = Debug|Any CPU
		Debug|iPhone = Debug|iPhone
		Debug|iPhoneSimulator = Debug|iPhoneSimulator
		Release|Any CPU = Release|Any CPU
		Release|iPhone = Release|iPhone
		Release|iPhoneSimulator = Release|iPhoneSimulator
	EndGlobalSection
	GlobalSection(ProjectConfigurationPlatforms) = postSolution
		{287EF6AD-9548-4D51-B77A-73BF538780B5}.Debug|Any CPU.ActiveCfg = Debug|Any CPU
		{287EF6AD-9548-4D51-B77A-73BF538780B5}.Debug|Any CPU.Build.0 = Debug|Any CPU
		{287EF6AD-9548-4D51-B77A-73BF538780B5}.Debug|Any CPU.Deploy.0 = Debug|Any CPU
		{287EF6AD-9548-4D51-B77A-73BF538780B5}.Debug|iPhone.ActiveCfg = Debug|Any CPU
		{287EF6AD-9548-4D51-B77A-73BF538780B5}.Debug|iPhone.Build.0 = Debug|Any CPU
		{287EF6AD-9548-4D51-B77A-73BF538780B5}.Debug|iPhone.Deploy.0 = Debug|Any CPU
		{287EF6AD-9548-4D51-B77A-73BF538780B5}.Debug|iPhoneSimulator.ActiveCfg = Debug|Any CPU
		{287EF6AD-9548-4D51-B77A-73BF538780B5}.Debug|iPhoneSimulator.Build.0 = Debug|Any CPU
		{287EF6AD-9548-4D51-B77A-73BF538780B5}.Debug|iPhoneSimulator.Deploy.0 = Debug|Any CPU
		{287EF6AD-9548-4D51-B77A-73BF538780B5}.Release|Any CPU.ActiveCfg = Release|Any CPU
		{287EF6AD-9548-4D51-B77A-73BF538780B5}.Release|Any CPU.Build.0 = Release|Any CPU
		{287EF6AD-9548-4D51-B77A-73BF538780B5}.Release|Any CPU.Deploy.0 = Release|Any CPU
		{287EF6AD-9548-4D51-B77A-73BF538780B5}.Release|iPhone.ActiveCfg = Release|Any CPU
		{287EF6AD-9548-4D51-B77A-73BF538780B5}.Release|iPhone.Build.0 = Release|Any CPU
		{287EF6AD-9548-4D51-B77A-73BF538780B5}.Release|iPhone.Deploy.0 = Release|Any CPU
		{287EF6AD-9548-4D51-B77A-73BF538780B5}.Release|iPhoneSimulator.ActiveCfg = Release|Any CPU
		{287EF6AD-9548-4D51-B77A-73BF538780B5}.Release|iPhoneSimulator.Build.0 = Release|Any CPU
		{287EF6AD-9548-4D51-B77A-73BF538780B5}.Release|iPhoneSimulator.Deploy.0 = Release|Any CPU
		{73FABF6F-4785-40AC-B58A-60D7B98333D8}.Debug|Any CPU.ActiveCfg = Debug|iPhone
		{73FABF6F-4785-40AC-B58A-60D7B98333D8}.Debug|Any CPU.Build.0 = Debug|iPhone
		{73FABF6F-4785-40AC-B58A-60D7B98333D8}.Debug|Any CPU.Deploy.0 = Debug|iPhone
		{73FABF6F-4785-40AC-B58A-60D7B98333D8}.Debug|iPhone.ActiveCfg = Debug|iPhone
		{73FABF6F-4785-40AC-B58A-60D7B98333D8}.Debug|iPhone.Build.0 = Debug|iPhone
		{73FABF6F-4785-40AC-B58A-60D7B98333D8}.Debug|iPhone.Deploy.0 = Debug|iPhone
		{73FABF6F-4785-40AC-B58A-60D7B98333D8}.Debug|iPhoneSimulator.ActiveCfg = Debug|iPhoneSimulator
		{73FABF6F-4785-40AC-B58A-60D7B98333D8}.Debug|iPhoneSimulator.Build.0 = Debug|iPhoneSimulator
		{73FABF6F-4785-40AC-B58A-60D7B98333D8}.Debug|iPhoneSimulator.Deploy.0 = Debug|iPhoneSimulator
		{73FABF6F-4785-40AC-B58A-60D7B98333D8}.Release|Any CPU.ActiveCfg = Release|iPhoneSimulator
		{73FABF6F-4785-40AC-B58A-60D7B98333D8}.Release|Any CPU.Build.0 = Release|iPhoneSimulator
		{73FABF6F-4785-40AC-B58A-60D7B98333D8}.Release|Any CPU.Deploy.0 = Release|iPhoneSimulator
		{73FABF6F-4785-40AC-B58A-60D7B98333D8}.Release|iPhone.ActiveCfg = Release|iPhone
		{73FABF6F-4785-40AC-B58A-60D7B98333D8}.Release|iPhone.Build.0 = Release|iPhone
		{73FABF6F-4785-40AC-B58A-60D7B98333D8}.Release|iPhone.Deploy.0 = Release|iPhone
		{73FABF6F-4785-40AC-B58A-60D7B98333D8}.Release|iPhoneSimulator.ActiveCfg = Release|iPhoneSimulator
		{73FABF6F-4785-40AC-B58A-60D7B98333D8}.Release|iPhoneSimulator.Build.0 = Release|iPhoneSimulator
		{73FABF6F-4785-40AC-B58A-60D7B98333D8}.Release|iPhoneSimulator.Deploy.0 = Release|iPhoneSimulator
		{23D501E8-178C-42D0-866B-0C5EC778880A}.Debug|Any CPU.ActiveCfg = Debug|Any CPU
		{23D501E8-178C-42D0-866B-0C5EC778880A}.Debug|Any CPU.Build.0 = Debug|Any CPU
		{23D501E8-178C-42D0-866B-0C5EC778880A}.Debug|Any CPU.Deploy.0 = Debug|Any CPU
		{23D501E8-178C-42D0-866B-0C5EC778880A}.Debug|iPhone.ActiveCfg = Debug|Any CPU
		{23D501E8-178C-42D0-866B-0C5EC778880A}.Debug|iPhone.Build.0 = Debug|Any CPU
		{23D501E8-178C-42D0-866B-0C5EC778880A}.Debug|iPhone.Deploy.0 = Debug|Any CPU
		{23D501E8-178C-42D0-866B-0C5EC778880A}.Debug|iPhoneSimulator.ActiveCfg = Debug|Any CPU
		{23D501E8-178C-42D0-866B-0C5EC778880A}.Debug|iPhoneSimulator.Build.0 = Debug|Any CPU
		{23D501E8-178C-42D0-866B-0C5EC778880A}.Debug|iPhoneSimulator.Deploy.0 = Debug|Any CPU
		{23D501E8-178C-42D0-866B-0C5EC778880A}.Release|Any CPU.ActiveCfg = Release|Any CPU
		{23D501E8-178C-42D0-866B-0C5EC778880A}.Release|Any CPU.Build.0 = Release|Any CPU
		{23D501E8-178C-42D0-866B-0C5EC778880A}.Release|Any CPU.Deploy.0 = Release|Any CPU
		{23D501E8-178C-42D0-866B-0C5EC778880A}.Release|iPhone.ActiveCfg = Release|Any CPU
		{23D501E8-178C-42D0-866B-0C5EC778880A}.Release|iPhone.Build.0 = Release|Any CPU
		{23D501E8-178C-42D0-866B-0C5EC778880A}.Release|iPhone.Deploy.0 = Release|Any CPU
		{23D501E8-178C-42D0-866B-0C5EC778880A}.Release|iPhoneSimulator.ActiveCfg = Release|Any CPU
		{23D501E8-178C-42D0-866B-0C5EC778880A}.Release|iPhoneSimulator.Build.0 = Release|Any CPU
		{23D501E8-178C-42D0-866B-0C5EC778880A}.Release|iPhoneSimulator.Deploy.0 = Release|Any CPU
	EndGlobalSection
	GlobalSection(SolutionProperties) = preSolution
		HideSolutionNode = FALSE
	EndGlobalSection
	GlobalSection(ExtensibilityGlobals) = postSolution
		SolutionGuid = {6A750C7C-9318-400F-BF5C-D093553DD9BA}
	EndGlobalSection
EndGlobal
